
Microsoft Visual Studio Solution File, Format Version 12.00
# Visual Studio Version 17
VisualStudioVersion = 17.13.35931.197
MinimumVisualStudioVersion = 10.0.40219.1
Project("{FAE04EC0-301F-11D3-BF4B-00C04F79EFBC}") = "SLHDotNetTrainingBatch1.ConsoleApp", "SLHDotNetTrainingBatch1.ConsoleApp\SLHDotNetTrainingBatch1.ConsoleApp.csproj", "{B9BFC915-25EA-4D7B-AEFC-D1E6A22C0306}"
EndProject
Project("{FAE04EC0-301F-11D3-BF4B-00C04F79EFBC}") = "SLHDotNetTrainingBatch1.ConsoleApp2", "SLHDotNetTrainingBatch1.ConsoleApp2\SLHDotNetTrainingBatch1.ConsoleApp2.csproj", "{C887BFD0-8C54-40A4-86A3-48C0C600F9FB}"
EndProject
Global
	GlobalSection(SolutionConfigurationPlatforms) = preSolution
		Debug|Any CPU = Debug|Any CPU
		Release|Any CPU = Release|Any CPU
	EndGlobalSection
	GlobalSection(ProjectConfigurationPlatforms) = postSolution
		{B9BFC915-25EA-4D7B-AEFC-D1E6A22C0306}.Debug|Any CPU.ActiveCfg = Debug|Any CPU
		{B9BFC915-25EA-4D7B-AEFC-D1E6A22C0306}.Debug|Any CPU.Build.0 = Debug|Any CPU
		{B9BFC915-25EA-4D7B-AEFC-D1E6A22C0306}.Release|Any CPU.ActiveCfg = Release|Any CPU
		{B9BFC915-25EA-4D7B-AEFC-D1E6A22C0306}.Release|Any CPU.Build.0 = Release|Any CPU
		{C887BFD0-8C54-40A4-86A3-48C0C600F9FB}.Debug|Any CPU.ActiveCfg = Debug|Any CPU
		{C887BFD0-8C54-40A4-86A3-48C0C600F9FB}.Debug|Any CPU.Build.0 = Debug|Any CPU
		{C887BFD0-8C54-40A4-86A3-48C0C600F9FB}.Release|Any CPU.ActiveCfg = Release|Any CPU
		{C887BFD0-8C54-40A4-86A3-48C0C600F9FB}.Release|Any CPU.Build.0 = Release|Any CPU
	EndGlobalSection
	GlobalSection(SolutionProperties) = preSolution
		HideSolutionNode = FALSE
	EndGlobalSection
	GlobalSection(ExtensibilityGlobals) = postSolution
		SolutionGuid = {CBBEB5F0-9B32-42E2-ADCC-EE610898DA60}
	EndGlobalSection
EndGlobal
