
Microsoft Visual Studio Solution File, Format Version 12.00
# Visual Studio Version 17
VisualStudioVersion = 17.13.35931.197
MinimumVisualStudioVersion = 10.0.40219.1
Project("{FAE04EC0-301F-11D3-BF4B-00C04F79EFBC}") = "SLHDotNetTrainingBatch1.ConsoleApp", "SLHDotNetTrainingBatch1.ConsoleApp\SLHDotNetTrainingBatch1.ConsoleApp.csproj", "{B9BFC915-25EA-4D7B-AEFC-D1E6A22C0306}"
EndProject
Project("{FAE04EC0-301F-11D3-BF4B-00C04F79EFBC}") = "SLHDotNetTrainingBatch1.ConsoleApp2", "SLHDotNetTrainingBatch1.ConsoleApp2\SLHDotNetTrainingBatch1.ConsoleApp2.csproj", "{C887BFD0-8C54-40A4-86A3-48C0C600F9FB}"
EndProject
Project("{2150E333-8FDC-42A3-9474-1A3956D46DE8}") = "Solution Items", "Solution Items", "{8EC462FD-D22E-90A8-E5CE-7E832BA40C5D}"
	ProjectSection(SolutionItems) = preProject
		README.md = README.md
	EndProjectSection
EndProject
Project("{FAE04EC0-301F-11D3-BF4B-00C04F79EFBC}") = "SLHDotNetTrainingBatch1.WinFormsApp", "SLHDotNetTrainingBatch1.WinFormsApp\SLHDotNetTrainingBatch1.WinFormsApp.csproj", "{063F54BE-D4EB-4B27-9FE5-7918FA97314A}"
EndProject
Project("{FAE04EC0-301F-11D3-BF4B-00C04F79EFBC}") = "SLHDotNetTrainingBatch1.ConsoleApp3", "SLHDotNetTrainingBatch1.ConsoleApp3\SLHDotNetTrainingBatch1.ConsoleApp3.csproj", "{1CA406F4-8B7D-4D84-B215-0B89D22F3DB0}"
EndProject
Project("{FAE04EC0-301F-11D3-BF4B-00C04F79EFBC}") = "SLHDotNetTrainingBatch1.Shared", "SLHDotNetTrainingBatch1.Shared\SLHDotNetTrainingBatch1.Shared.csproj", "{29D7F179-B845-4480-91C1-45EAF12841C9}"
EndProject
Project("{FAE04EC0-301F-11D3-BF4B-00C04F79EFBC}") = "SLHDotNetTrainingBatch1.ConsoleApp4", "SLHDotNetTrainingBatch1.ConsoleApp4\SLHDotNetTrainingBatch1.ConsoleApp4.csproj", "{2271780A-5DE8-44F4-B586-0F14E2C0B4DD}"
EndProject
Project("{FAE04EC0-301F-11D3-BF4B-00C04F79EFBC}") = "SLHDotNetTrainingBatch1.ConsoleApp5", "SLHDotNetTrainingBatch1.ConsoleApp5\SLHDotNetTrainingBatch1.ConsoleApp5.csproj", "{0805CD58-0AFA-4E17-9D4C-5D3C42DE505C}"
EndProject
Project("{FAE04EC0-301F-11D3-BF4B-00C04F79EFBC}") = "SLHDotNetTrainingBatch1.Database", "SLHDotNetTrainingBatch1.Database\SLHDotNetTrainingBatch1.Database.csproj", "{021798E0-6B45-41DF-8C73-A8F559E6636A}"
EndProject
Project("{FAE04EC0-301F-11D3-BF4B-00C04F79EFBC}") = "SLHDotNetTrainingBatch1.WebApi", "SLHDotNetTrainingBatch1.WebApi\SLHDotNetTrainingBatch1.WebApi.csproj", "{26DEA88D-8141-4310-9601-53E4B1B63C52}"
EndProject
Project("{2150E333-8FDC-42A3-9474-1A3956D46DE8}") = "Project1", "Project1", "{02EA681E-C7D8-13C7-8484-4AC65E1B71E8}"
EndProject
Project("{FAE04EC0-301F-11D3-BF4B-00C04F79EFBC}") = "SLHDotNetTrainingBatch1.Project1.Databases", "SLHDotNetTrainingBatch1.Project1.Databases\SLHDotNetTrainingBatch1.Project1.Databases.csproj", "{1F798552-BD1B-40DB-97AD-C4CFB47031A5}"
EndProject
Project("{FAE04EC0-301F-11D3-BF4B-00C04F79EFBC}") = "SLHDotNetTrainingBatch1.Project1.WebApi", "SLHDotNetTrainingBatch1.Project1.WebApi\SLHDotNetTrainingBatch1.Project1.WebApi.csproj", "{EF376376-7FBC-41DC-93A7-6B6AF31601D8}"
EndProject
Project("{FAE04EC0-301F-11D3-BF4B-00C04F79EFBC}") = "SLHDotNetTrainingBatch1.Project1.Domain", "SLHDotNetTrainingBatch1.Project1.Domain\SLHDotNetTrainingBatch1.Project1.Domain.csproj", "{4B542791-7F5E-4666-A486-E25F0A841384}"
EndProject
Project("{2150E333-8FDC-42A3-9474-1A3956D46DE8}") = "Project2", "Project2", "{4E55322D-D9C1-4D69-B490-B0E7B236C6ED}"
EndProject
Project("{FAE04EC0-301F-11D3-BF4B-00C04F79EFBC}") = "SLHDotNetTrainingBatch1.Project2.ConsoleApp", "SLHDotNetTrainingBatch1.Project2.ConsoleApp\SLHDotNetTrainingBatch1.Project2.ConsoleApp.csproj", "{8E60C594-5318-4CFA-9642-0342134DE5AE}"
EndProject
Project("{2150E333-8FDC-42A3-9474-1A3956D46DE8}") = "Project3", "Project3", "{61E3AD15-E924-4322-989D-4493BBE16C95}"
EndProject
Project("{FAE04EC0-301F-11D3-BF4B-00C04F79EFBC}") = "SLHDotNetTrainingBatch1.Project3.Api", "SLHDotNetTrainingBatch1.Project3.Api\SLHDotNetTrainingBatch1.Project3.Api.csproj", "{1A0481B9-807C-417D-B734-BCD6F7C5EE52}"
EndProject
Project("{FAE04EC0-301F-11D3-BF4B-00C04F79EFBC}") = "SLHDotNetTrainingBatch1.Project3.Databases", "SLHDotNetTrainingBatch1.Project3.Databases\SLHDotNetTrainingBatch1.Project3.Databases.csproj", "{F033904D-DFA3-4760-AEE3-412DAC0492A7}"
EndProject
Project("{2150E333-8FDC-42A3-9474-1A3956D46DE8}") = "Project4", "Project4", "{2AEECE45-CCD1-43DB-A424-3B8A9B2F015A}"
EndProject
Project("{FAE04EC0-301F-11D3-BF4B-00C04F79EFBC}") = "SLHDotNetTrainingBatch1.Project4.WebApi", "SLHDotNetTrainingBatch1.Project4.WebApi\SLHDotNetTrainingBatch1.Project4.WebApi.csproj", "{B3FD4AC7-180F-429E-BAAA-4F6106D9918D}"
EndProject
Project("{FAE04EC0-301F-11D3-BF4B-00C04F79EFBC}") = "SLHDotNetTrainingBatch1.Project.Databases", "SLHDotNetTrainingBatch1.Project.Databases\SLHDotNetTrainingBatch1.Project.Databases.csproj", "{B6DCCEAF-878F-4AC8-B129-D8528CE01C7A}"
EndProject
Global
	GlobalSection(SolutionConfigurationPlatforms) = preSolution
		Debug|Any CPU = Debug|Any CPU
		Release|Any CPU = Release|Any CPU
	EndGlobalSection
	GlobalSection(ProjectConfigurationPlatforms) = postSolution
		{B9BFC915-25EA-4D7B-AEFC-D1E6A22C0306}.Debug|Any CPU.ActiveCfg = Debug|Any CPU
		{B9BFC915-25EA-4D7B-AEFC-D1E6A22C0306}.Debug|Any CPU.Build.0 = Debug|Any CPU
		{B9BFC915-25EA-4D7B-AEFC-D1E6A22C0306}.Release|Any CPU.ActiveCfg = Release|Any CPU
		{B9BFC915-25EA-4D7B-AEFC-D1E6A22C0306}.Release|Any CPU.Build.0 = Release|Any CPU
		{C887BFD0-8C54-40A4-86A3-48C0C600F9FB}.Debug|Any CPU.ActiveCfg = Debug|Any CPU
		{C887BFD0-8C54-40A4-86A3-48C0C600F9FB}.Debug|Any CPU.Build.0 = Debug|Any CPU
		{C887BFD0-8C54-40A4-86A3-48C0C600F9FB}.Release|Any CPU.ActiveCfg = Release|Any CPU
		{C887BFD0-8C54-40A4-86A3-48C0C600F9FB}.Release|Any CPU.Build.0 = Release|Any CPU
		{063F54BE-D4EB-4B27-9FE5-7918FA97314A}.Debug|Any CPU.ActiveCfg = Debug|Any CPU
		{063F54BE-D4EB-4B27-9FE5-7918FA97314A}.Debug|Any CPU.Build.0 = Debug|Any CPU
		{063F54BE-D4EB-4B27-9FE5-7918FA97314A}.Release|Any CPU.ActiveCfg = Release|Any CPU
		{063F54BE-D4EB-4B27-9FE5-7918FA97314A}.Release|Any CPU.Build.0 = Release|Any CPU
		{1CA406F4-8B7D-4D84-B215-0B89D22F3DB0}.Debug|Any CPU.ActiveCfg = Debug|Any CPU
		{1CA406F4-8B7D-4D84-B215-0B89D22F3DB0}.Debug|Any CPU.Build.0 = Debug|Any CPU
		{1CA406F4-8B7D-4D84-B215-0B89D22F3DB0}.Release|Any CPU.ActiveCfg = Release|Any CPU
		{1CA406F4-8B7D-4D84-B215-0B89D22F3DB0}.Release|Any CPU.Build.0 = Release|Any CPU
		{29D7F179-B845-4480-91C1-45EAF12841C9}.Debug|Any CPU.ActiveCfg = Debug|Any CPU
		{29D7F179-B845-4480-91C1-45EAF12841C9}.Debug|Any CPU.Build.0 = Debug|Any CPU
		{29D7F179-B845-4480-91C1-45EAF12841C9}.Release|Any CPU.ActiveCfg = Release|Any CPU
		{29D7F179-B845-4480-91C1-45EAF12841C9}.Release|Any CPU.Build.0 = Release|Any CPU
		{2271780A-5DE8-44F4-B586-0F14E2C0B4DD}.Debug|Any CPU.ActiveCfg = Debug|Any CPU
		{2271780A-5DE8-44F4-B586-0F14E2C0B4DD}.Debug|Any CPU.Build.0 = Debug|Any CPU
		{2271780A-5DE8-44F4-B586-0F14E2C0B4DD}.Release|Any CPU.ActiveCfg = Release|Any CPU
		{2271780A-5DE8-44F4-B586-0F14E2C0B4DD}.Release|Any CPU.Build.0 = Release|Any CPU
		{0805CD58-0AFA-4E17-9D4C-5D3C42DE505C}.Debug|Any CPU.ActiveCfg = Debug|Any CPU
		{0805CD58-0AFA-4E17-9D4C-5D3C42DE505C}.Debug|Any CPU.Build.0 = Debug|Any CPU
		{0805CD58-0AFA-4E17-9D4C-5D3C42DE505C}.Release|Any CPU.ActiveCfg = Release|Any CPU
		{0805CD58-0AFA-4E17-9D4C-5D3C42DE505C}.Release|Any CPU.Build.0 = Release|Any CPU
		{021798E0-6B45-41DF-8C73-A8F559E6636A}.Debug|Any CPU.ActiveCfg = Debug|Any CPU
		{021798E0-6B45-41DF-8C73-A8F559E6636A}.Debug|Any CPU.Build.0 = Debug|Any CPU
		{021798E0-6B45-41DF-8C73-A8F559E6636A}.Release|Any CPU.ActiveCfg = Release|Any CPU
		{021798E0-6B45-41DF-8C73-A8F559E6636A}.Release|Any CPU.Build.0 = Release|Any CPU
		{26DEA88D-8141-4310-9601-53E4B1B63C52}.Debug|Any CPU.ActiveCfg = Debug|Any CPU
		{26DEA88D-8141-4310-9601-53E4B1B63C52}.Debug|Any CPU.Build.0 = Debug|Any CPU
		{26DEA88D-8141-4310-9601-53E4B1B63C52}.Release|Any CPU.ActiveCfg = Release|Any CPU
		{26DEA88D-8141-4310-9601-53E4B1B63C52}.Release|Any CPU.Build.0 = Release|Any CPU
		{1F798552-BD1B-40DB-97AD-C4CFB47031A5}.Debug|Any CPU.ActiveCfg = Debug|Any CPU
		{1F798552-BD1B-40DB-97AD-C4CFB47031A5}.Debug|Any CPU.Build.0 = Debug|Any CPU
		{1F798552-BD1B-40DB-97AD-C4CFB47031A5}.Release|Any CPU.ActiveCfg = Release|Any CPU
		{1F798552-BD1B-40DB-97AD-C4CFB47031A5}.Release|Any CPU.Build.0 = Release|Any CPU
		{EF376376-7FBC-41DC-93A7-6B6AF31601D8}.Debug|Any CPU.ActiveCfg = Debug|Any CPU
		{EF376376-7FBC-41DC-93A7-6B6AF31601D8}.Debug|Any CPU.Build.0 = Debug|Any CPU
		{EF376376-7FBC-41DC-93A7-6B6AF31601D8}.Release|Any CPU.ActiveCfg = Release|Any CPU
		{EF376376-7FBC-41DC-93A7-6B6AF31601D8}.Release|Any CPU.Build.0 = Release|Any CPU
		{4B542791-7F5E-4666-A486-E25F0A841384}.Debug|Any CPU.ActiveCfg = Debug|Any CPU
		{4B542791-7F5E-4666-A486-E25F0A841384}.Debug|Any CPU.Build.0 = Debug|Any CPU
		{4B542791-7F5E-4666-A486-E25F0A841384}.Release|Any CPU.ActiveCfg = Release|Any CPU
		{4B542791-7F5E-4666-A486-E25F0A841384}.Release|Any CPU.Build.0 = Release|Any CPU
		{8E60C594-5318-4CFA-9642-0342134DE5AE}.Debug|Any CPU.ActiveCfg = Debug|Any CPU
		{8E60C594-5318-4CFA-9642-0342134DE5AE}.Debug|Any CPU.Build.0 = Debug|Any CPU
		{8E60C594-5318-4CFA-9642-0342134DE5AE}.Release|Any CPU.ActiveCfg = Release|Any CPU
		{8E60C594-5318-4CFA-9642-0342134DE5AE}.Release|Any CPU.Build.0 = Release|Any CPU
		{1A0481B9-807C-417D-B734-BCD6F7C5EE52}.Debug|Any CPU.ActiveCfg = Debug|Any CPU
		{1A0481B9-807C-417D-B734-BCD6F7C5EE52}.Debug|Any CPU.Build.0 = Debug|Any CPU
		{1A0481B9-807C-417D-B734-BCD6F7C5EE52}.Release|Any CPU.ActiveCfg = Release|Any CPU
		{1A0481B9-807C-417D-B734-BCD6F7C5EE52}.Release|Any CPU.Build.0 = Release|Any CPU
		{F033904D-DFA3-4760-AEE3-412DAC0492A7}.Debug|Any CPU.ActiveCfg = Debug|Any CPU
		{F033904D-DFA3-4760-AEE3-412DAC0492A7}.Debug|Any CPU.Build.0 = Debug|Any CPU
		{F033904D-DFA3-4760-AEE3-412DAC0492A7}.Release|Any CPU.ActiveCfg = Release|Any CPU
		{F033904D-DFA3-4760-AEE3-412DAC0492A7}.Release|Any CPU.Build.0 = Release|Any CPU
		{B3FD4AC7-180F-429E-BAAA-4F6106D9918D}.Debug|Any CPU.ActiveCfg = Debug|Any CPU
		{B3FD4AC7-180F-429E-BAAA-4F6106D9918D}.Debug|Any CPU.Build.0 = Debug|Any CPU
		{B3FD4AC7-180F-429E-BAAA-4F6106D9918D}.Release|Any CPU.ActiveCfg = Release|Any CPU
		{B3FD4AC7-180F-429E-BAAA-4F6106D9918D}.Release|Any CPU.Build.0 = Release|Any CPU
		{B6DCCEAF-878F-4AC8-B129-D8528CE01C7A}.Debug|Any CPU.ActiveCfg = Debug|Any CPU
		{B6DCCEAF-878F-4AC8-B129-D8528CE01C7A}.Debug|Any CPU.Build.0 = Debug|Any CPU
		{B6DCCEAF-878F-4AC8-B129-D8528CE01C7A}.Release|Any CPU.ActiveCfg = Release|Any CPU
		{B6DCCEAF-878F-4AC8-B129-D8528CE01C7A}.Release|Any CPU.Build.0 = Release|Any CPU
	EndGlobalSection
	GlobalSection(SolutionProperties) = preSolution
		HideSolutionNode = FALSE
	EndGlobalSection
	GlobalSection(NestedProjects) = preSolution
		{1F798552-BD1B-40DB-97AD-C4CFB47031A5} = {02EA681E-C7D8-13C7-8484-4AC65E1B71E8}
		{EF376376-7FBC-41DC-93A7-6B6AF31601D8} = {02EA681E-C7D8-13C7-8484-4AC65E1B71E8}
		{4B542791-7F5E-4666-A486-E25F0A841384} = {02EA681E-C7D8-13C7-8484-4AC65E1B71E8}
		{8E60C594-5318-4CFA-9642-0342134DE5AE} = {4E55322D-D9C1-4D69-B490-B0E7B236C6ED}
		{1A0481B9-807C-417D-B734-BCD6F7C5EE52} = {61E3AD15-E924-4322-989D-4493BBE16C95}
		{F033904D-DFA3-4760-AEE3-412DAC0492A7} = {61E3AD15-E924-4322-989D-4493BBE16C95}
		{B3FD4AC7-180F-429E-BAAA-4F6106D9918D} = {2AEECE45-CCD1-43DB-A424-3B8A9B2F015A}
		{B6DCCEAF-878F-4AC8-B129-D8528CE01C7A} = {2AEECE45-CCD1-43DB-A424-3B8A9B2F015A}
	EndGlobalSection
	GlobalSection(ExtensibilityGlobals) = postSolution
		SolutionGuid = {CBBEB5F0-9B32-42E2-ADCC-EE610898DA60}
	EndGlobalSection
EndGlobal
